# THIS IS AN AUTOGENERATED FILE. DO NOT EDIT THIS FILE DIRECTLY.
# yarn lockfile v1


"@turf/centroid@^5.1.5":
  version "5.1.5"
  resolved "https://registry.yarnpkg.com/@turf/centroid/-/centroid-5.1.5.tgz#778ada74216335021ad8fd0e7a65a8349d53c769"
  integrity sha1-d4radCFjNQIa2P0OemWoNJ1Tx2k=
  dependencies:
    "@turf/helpers" "^5.1.5"
    "@turf/meta" "^5.1.5"

"@turf/clone@^5.1.5":
  version "5.1.5"
  resolved "https://registry.yarnpkg.com/@turf/clone/-/clone-5.1.5.tgz#253e8d35477181976e33adfab50a0f02a7f0e367"
  integrity sha1-JT6NNUdxgZduM636tQoPAqfw42c=
  dependencies:
    "@turf/helpers" "^5.1.5"

"@turf/helpers@^5.1.5":
  version "5.1.5"
  resolved "https://registry.yarnpkg.com/@turf/helpers/-/helpers-5.1.5.tgz#153405227ab933d004a5bb9641a9ed999fcbe0cf"
  integrity sha1-FTQFInq5M9AEpbuWQantmZ/L4M8=

"@turf/helpers@^6.1.4":
  version "6.1.4"
  resolved "https://registry.yarnpkg.com/@turf/helpers/-/helpers-6.1.4.tgz#d6fd7ebe6782dd9c87dca5559bda5c48ae4c3836"
  integrity sha512-vJvrdOZy1ngC7r3MDA7zIGSoIgyrkWcGnNIEaqn/APmw+bVLF2gAW7HIsdTxd12s5wQMqEpqIQrmrbRRZ0xC7g==

"@turf/invariant@^5.1.5":
  version "5.2.0"
  resolved "https://registry.yarnpkg.com/@turf/invariant/-/invariant-5.2.0.tgz#f0150ff7290b38577b73d088b7932c1ee0aa90a7"
  integrity sha1-8BUP9ykLOFd7c9CIt5MsHuCqkKc=
  dependencies:
    "@turf/helpers" "^5.1.5"

"@turf/meta@^5.1.5":
  version "5.2.0"
  resolved "https://registry.yarnpkg.com/@turf/meta/-/meta-5.2.0.tgz#3b1ad485ee0c3b0b1775132a32c384d53e4ba53d"
  integrity sha1-OxrUhe4MOwsXdRMqMsOE1T5LpT0=
  dependencies:
    "@turf/helpers" "^5.1.5"

"@turf/rhumb-bearing@^5.1.5":
  version "5.1.5"
  resolved "https://registry.yarnpkg.com/@turf/rhumb-bearing/-/rhumb-bearing-5.1.5.tgz#acf6a502427eb8c49e18cda6ae0effab0c5ddcd2"
  integrity sha1-rPalAkJ+uMSeGM2mrg7/qwxd3NI=
  dependencies:
    "@turf/helpers" "^5.1.5"
    "@turf/invariant" "^5.1.5"

"@turf/rhumb-destination@^5.1.5":
  version "5.1.5"
  resolved "https://registry.yarnpkg.com/@turf/rhumb-destination/-/rhumb-destination-5.1.5.tgz#b1b2aeb921547f2ac0c1a994b6a130f92463c742"
  integrity sha1-sbKuuSFUfyrAwamUtqEw+SRjx0I=
  dependencies:
    "@turf/helpers" "^5.1.5"
    "@turf/invariant" "^5.1.5"

"@turf/rhumb-distance@^5.1.5":
  version "5.1.5"
  resolved "https://registry.yarnpkg.com/@turf/rhumb-distance/-/rhumb-distance-5.1.5.tgz#1806857625f4225384dad413e69f39538ff5f765"
  integrity sha1-GAaFdiX0IlOE2tQT5p85U4/192U=
  dependencies:
    "@turf/helpers" "^5.1.5"
    "@turf/invariant" "^5.1.5"

"@turf/transform-rotate@^5.1.5":
  version "5.1.5"
  resolved "https://registry.yarnpkg.com/@turf/transform-rotate/-/transform-rotate-5.1.5.tgz#d096edd9e300fe315069d54d8e458c409221edfb"
  integrity sha1-0Jbt2eMA/jFQadVNjkWMQJIh7fs=
  dependencies:
    "@turf/centroid" "^5.1.5"
    "@turf/clone" "^5.1.5"
    "@turf/helpers" "^5.1.5"
    "@turf/invariant" "^5.1.5"
    "@turf/meta" "^5.1.5"
    "@turf/rhumb-bearing" "^5.1.5"
    "@turf/rhumb-destination" "^5.1.5"
    "@turf/rhumb-distance" "^5.1.5"

"@types/estree@0.0.39":
  version "0.0.39"
  resolved "https://registry.yarnpkg.com/@types/estree/-/estree-0.0.39.tgz#e177e699ee1b8c22d23174caaa7422644389509f"
  integrity sha512-EYNwp3bU+98cpU4lAWYYL7Zz+2gryWH1qbdDTidVd6hkiR6weksdbMadyXKXNPEkQFhXM+hVO9ZygomHXp+AIw==

"@types/node@*":
  version "10.12.10"
  resolved "https://registry.yarnpkg.com/@types/node/-/node-10.12.10.tgz#4fa76e6598b7de3f0cb6ec3abacc4f59e5b3a2ce"
  integrity sha512-8xZEYckCbUVgK8Eg7lf5Iy4COKJ5uXlnIOnePN0WUwSQggy9tolM+tDJf7wMOnT/JT/W9xDYIaYggt3mRV2O5w==

rollup@^0.67.3:
  version "0.67.3"
  resolved "https://registry.yarnpkg.com/rollup/-/rollup-0.67.3.tgz#55475b1b62c43220c3b4bd7edc5846233932f50b"
  integrity sha512-TyNQCz97rKuVVbsKUTXfwIjV7UljWyTVd7cTMuE+aqlQ7WJslkYF5QaYGjMLR2BlQtUOO5CAxSVnpQ55iYp5jg==
  dependencies:
    "@types/estree" "0.0.39"
    "@types/node" "*"
